
Microsoft Visual Studio Solution File, Format Version 12.00
# Visual Studio 15
VisualStudioVersion = 15.0.28307.1022
MinimumVisualStudioVersion = 10.0.40219.1
Project("{FAE04EC0-301F-11D3-BF4B-00C04F79EFBC}") = "Pyramid", "Pyramid\Pyramid.csproj", "{5C2FA995-AC3B-4C51-BDF6-AC1F7219BDBD}"
EndProject
Global
	GlobalSection(SolutionConfigurationPlatforms) = preSolution
		Debug|Any CPU = Debug|Any CPU
		Release|Any CPU = Release|Any CPU
	EndGlobalSection
	GlobalSection(ProjectConfigurationPlatforms) = postSolution
		{5C2FA995-AC3B-4C51-BDF6-AC1F7219BDBD}.Debug|Any CPU.ActiveCfg = Debug|Any CPU
		{5C2FA995-AC3B-4C51-BDF6-AC1F7219BDBD}.Debug|Any CPU.Build.0 = Debug|Any CPU
		{5C2FA995-AC3B-4C51-BDF6-AC1F7219BDBD}.Release|Any CPU.ActiveCfg = Release|Any CPU
		{5C2FA995-AC3B-4C51-BDF6-AC1F7219BDBD}.Release|Any CPU.Build.0 = Release|Any CPU
	EndGlobalSection
	GlobalSection(SolutionProperties) = preSolution
		HideSolutionNode = FALSE
	EndGlobalSection
	GlobalSection(ExtensibilityGlobals) = postSolution
		SolutionGuid = {92C67F12-A4B7-4317-8B14-5DF7218B9B53}
	EndGlobalSection
EndGlobal
